
Microsoft Visual Studio Solution File, Format Version 12.00
# Visual Studio Version 17
VisualStudioVersion = 17.3.32825.248
MinimumVisualStudioVersion = 10.0.40219.1
Project("{FAE04EC0-301F-11D3-BF4B-00C04F79EFBC}") = "GR", "GuaranteedRate\GR.csproj", "{1DEB259F-FDDB-4F89-932B-5832B58F1976}"
EndProject
Project("{FAE04EC0-301F-11D3-BF4B-00C04F79EFBC}") = "UnitTests", "UnitTests\UnitTests.csproj", "{208D7124-4C5E-4360-94E0-1FCDE1017903}"
EndProject
Project("{9A19103F-16F7-4668-BE54-9A1E7A4F7556}") = "RESTAPI", "RESTAPI\RESTAPI.csproj", "{689C2C6A-028D-4CC2-B0CB-1E6C13CFC6EA}"
EndProject
Project("{9A19103F-16F7-4668-BE54-9A1E7A4F7556}") = "TestAPI", "TestAPI\TestAPI.csproj", "{E38F0F73-6D87-4235-B5F8-C4598969B0B2}"
EndProject
Global
	GlobalSection(SolutionConfigurationPlatforms) = preSolution
		Debug|Any CPU = Debug|Any CPU
		Release|Any CPU = Release|Any CPU
	EndGlobalSection
	GlobalSection(ProjectConfigurationPlatforms) = postSolution
		{1DEB259F-FDDB-4F89-932B-5832B58F1976}.Debug|Any CPU.ActiveCfg = Debug|Any CPU
		{1DEB259F-FDDB-4F89-932B-5832B58F1976}.Debug|Any CPU.Build.0 = Debug|Any CPU
		{1DEB259F-FDDB-4F89-932B-5832B58F1976}.Release|Any CPU.ActiveCfg = Release|Any CPU
		{1DEB259F-FDDB-4F89-932B-5832B58F1976}.Release|Any CPU.Build.0 = Release|Any CPU
		{208D7124-4C5E-4360-94E0-1FCDE1017903}.Debug|Any CPU.ActiveCfg = Debug|Any CPU
		{208D7124-4C5E-4360-94E0-1FCDE1017903}.Debug|Any CPU.Build.0 = Debug|Any CPU
		{208D7124-4C5E-4360-94E0-1FCDE1017903}.Release|Any CPU.ActiveCfg = Release|Any CPU
		{208D7124-4C5E-4360-94E0-1FCDE1017903}.Release|Any CPU.Build.0 = Release|Any CPU
		{689C2C6A-028D-4CC2-B0CB-1E6C13CFC6EA}.Debug|Any CPU.ActiveCfg = Debug|Any CPU
		{689C2C6A-028D-4CC2-B0CB-1E6C13CFC6EA}.Debug|Any CPU.Build.0 = Debug|Any CPU
		{689C2C6A-028D-4CC2-B0CB-1E6C13CFC6EA}.Release|Any CPU.ActiveCfg = Release|Any CPU
		{689C2C6A-028D-4CC2-B0CB-1E6C13CFC6EA}.Release|Any CPU.Build.0 = Release|Any CPU
		{E38F0F73-6D87-4235-B5F8-C4598969B0B2}.Debug|Any CPU.ActiveCfg = Debug|Any CPU
		{E38F0F73-6D87-4235-B5F8-C4598969B0B2}.Debug|Any CPU.Build.0 = Debug|Any CPU
		{E38F0F73-6D87-4235-B5F8-C4598969B0B2}.Release|Any CPU.ActiveCfg = Release|Any CPU
		{E38F0F73-6D87-4235-B5F8-C4598969B0B2}.Release|Any CPU.Build.0 = Release|Any CPU
	EndGlobalSection
	GlobalSection(SolutionProperties) = preSolution
		HideSolutionNode = FALSE
	EndGlobalSection
	GlobalSection(ExtensibilityGlobals) = postSolution
		SolutionGuid = {783EFE69-609C-49CB-921D-5A7C1755238E}
	EndGlobalSection
EndGlobal
